
Microsoft Visual Studio Solution File, Format Version 12.00
# Visual Studio 15
VisualStudioVersion = 15.0.33403.129
MinimumVisualStudioVersion = 10.0.40219.1
Project("{FAE04EC0-301F-11D3-BF4B-00C04F79EFBC}") = "Sales_Lead_Generation_App", "Sales_Lead_Generation_App\Sales_Lead_Generation_App.csproj", "{3CAD9C2A-08B6-4A29-8037-C944E1E47DAE}"
EndProject
Project("{2150E333-8FDC-42A3-9474-1A3956D46DE8}") = "Solution Items", "Solution Items", "{02DB0ADB-7786-45FA-AFFB-2891AD1D3587}"
	ProjectSection(SolutionItems) = preProject
		CHANGELOG.md = CHANGELOG.md
		README.md = README.md
	EndProjectSection
EndProject
Global
	GlobalSection(SolutionConfigurationPlatforms) = preSolution
		Debug|Any CPU = Debug|Any CPU
		Release|Any CPU = Release|Any CPU
	EndGlobalSection
	GlobalSection(ProjectConfigurationPlatforms) = postSolution
		{3CAD9C2A-08B6-4A29-8037-C944E1E47DAE}.Debug|Any CPU.ActiveCfg = Debug|Any CPU
		{3CAD9C2A-08B6-4A29-8037-C944E1E47DAE}.Debug|Any CPU.Build.0 = Debug|Any CPU
		{3CAD9C2A-08B6-4A29-8037-C944E1E47DAE}.Release|Any CPU.ActiveCfg = Release|Any CPU
		{3CAD9C2A-08B6-4A29-8037-C944E1E47DAE}.Release|Any CPU.Build.0 = Release|Any CPU
	EndGlobalSection
	GlobalSection(SolutionProperties) = preSolution
		HideSolutionNode = FALSE
	EndGlobalSection
	GlobalSection(ExtensibilityGlobals) = postSolution
		SolutionGuid = {164E7126-C897-4C78-B8FF-0BAE47FD1B4F}
	EndGlobalSection
EndGlobal
